// !$*UTF8*$!
{
	archiveVersion = 1;
	classes = {
	};
	objectVersion = 46;
	objects = {

/* Begin PBXBuildFile section */
		9506404E1B560EA80066AC5D /* Maze4.tmx in Resources */ = {isa = PBXBuildFile; fileRef = 9506404C1B560EA80066AC5D /* Maze4.tmx */; };
		950640511B560EBA0066AC5D /* Maze3.tmx in Resources */ = {isa = PBXBuildFile; fileRef = 950640501B560EBA0066AC5D /* Maze3.tmx */; };
		950640531B5611360066AC5D /* Maze5.tmx in Resources */ = {isa = PBXBuildFile; fileRef = 950640521B5611360066AC5D /* Maze5.tmx */; };
		9506405E1B5615230066AC5D /* PopStar.mp3 in Resources */ = {isa = PBXBuildFile; fileRef = 9506405C1B5615230066AC5D /* PopStar.mp3 */; };
		9506405F1B5615230066AC5D /* Vertigo.mp3 in Resources */ = {isa = PBXBuildFile; fileRef = 9506405D1B5615230066AC5D /* Vertigo.mp3 */; };
		950640631B56159E0066AC5D /* Heatseeker.mp3 in Resources */ = {isa = PBXBuildFile; fileRef = 950640601B56159E0066AC5D /* Heatseeker.mp3 */; };
		950640641B56159E0066AC5D /* Homeland.mp3 in Resources */ = {isa = PBXBuildFile; fileRef = 950640611B56159E0066AC5D /* Homeland.mp3 */; };
		950640651B56159E0066AC5D /* IcyFauna.mp3 in Resources */ = {isa = PBXBuildFile; fileRef = 950640621B56159E0066AC5D /* IcyFauna.mp3 */; };
		950640681B5753D60066AC5D /* AlternatingLine.mp3 in Resources */ = {isa = PBXBuildFile; fileRef = 950640661B5753D60066AC5D /* AlternatingLine.mp3 */; };
		950640691B5753D60066AC5D /* MelodicCycle.mp3 in Resources */ = {isa = PBXBuildFile; fileRef = 950640671B5753D60066AC5D /* MelodicCycle.mp3 */; };
		9506406C1B5756CD0066AC5D /* DeepDream.mp3 in Resources */ = {isa = PBXBuildFile; fileRef = 9506406A1B5756CD0066AC5D /* DeepDream.mp3 */; };
		9506406D1B5756CD0066AC5D /* FirePhaser.mp3 in Resources */ = {isa = PBXBuildFile; fileRef = 9506406B1B5756CD0066AC5D /* FirePhaser.mp3 */; };
		9506406F1B5757450066AC5D /* SoftSole.mp3 in Resources */ = {isa = PBXBuildFile; fileRef = 9506406E1B5757450066AC5D /* SoftSole.mp3 */; };
		950640711B5762530066AC5D /* Maze6.tmx in Resources */ = {isa = PBXBuildFile; fileRef = 950640701B5762530066AC5D /* Maze6.tmx */; };
		950640751B5763A60066AC5D /* PureCandy.mp3 in Resources */ = {isa = PBXBuildFile; fileRef = 950640741B5763A60066AC5D /* PureCandy.mp3 */; };
		950640771B57642F0066AC5D /* ChillOut.mp3 in Resources */ = {isa = PBXBuildFile; fileRef = 950640761B57642F0066AC5D /* ChillOut.mp3 */; };
		950640791B57648F0066AC5D /* AboveBeyond.mp3 in Resources */ = {isa = PBXBuildFile; fileRef = 950640781B57648F0066AC5D /* AboveBeyond.mp3 */; };
		958F33F31B1FEB1E00A34098 /* AppDelegate.swift in Sources */ = {isa = PBXBuildFile; fileRef = 958F33F21B1FEB1E00A34098 /* AppDelegate.swift */; };
		958F33F51B1FEB1E00A34098 /* GameScene.sks in Resources */ = {isa = PBXBuildFile; fileRef = 958F33F41B1FEB1E00A34098 /* GameScene.sks */; };
		958F33F71B1FEB1E00A34098 /* GameScene.swift in Sources */ = {isa = PBXBuildFile; fileRef = 958F33F61B1FEB1E00A34098 /* GameScene.swift */; };
		958F33F91B1FEB1E00A34098 /* GameViewController.swift in Sources */ = {isa = PBXBuildFile; fileRef = 958F33F81B1FEB1E00A34098 /* GameViewController.swift */; };
		958F33FC1B1FEB1E00A34098 /* Main.storyboard in Resources */ = {isa = PBXBuildFile; fileRef = 958F33FA1B1FEB1E00A34098 /* Main.storyboard */; };
		958F33FE1B1FEB1F00A34098 /* Images.xcassets in Resources */ = {isa = PBXBuildFile; fileRef = 958F33FD1B1FEB1F00A34098 /* Images.xcassets */; };
		958F34011B1FEB1F00A34098 /* LaunchScreen.xib in Resources */ = {isa = PBXBuildFile; fileRef = 958F33FF1B1FEB1F00A34098 /* LaunchScreen.xib */; };
		958F340D1B1FEB1F00A34098 /* StarMazeTests.swift in Sources */ = {isa = PBXBuildFile; fileRef = 958F340C1B1FEB1F00A34098 /* StarMazeTests.swift */; };
		958F34171B1FED6A00A34098 /* moving.atlas in Resources */ = {isa = PBXBuildFile; fileRef = 958F34161B1FED6A00A34098 /* moving.atlas */; };
		958F34191B20005400A34098 /* Hero.swift in Sources */ = {isa = PBXBuildFile; fileRef = 958F34181B20005400A34098 /* Hero.swift */; };
		958F341B1B2166A300A34098 /* Boundary.swift in Sources */ = {isa = PBXBuildFile; fileRef = 958F341A1B2166A300A34098 /* Boundary.swift */; };
		958F341D1B217C4F00A34098 /* Maze.tmx in Resources */ = {isa = PBXBuildFile; fileRef = 958F341C1B217C4F00A34098 /* Maze.tmx */; };
		958F341F1B21E04700A34098 /* Star.swift in Sources */ = {isa = PBXBuildFile; fileRef = 958F341E1B21E04700A34098 /* Star.swift */; };
		958F34221B2415FA00A34098 /* Enemy.swift in Sources */ = {isa = PBXBuildFile; fileRef = 958F34211B2415FA00A34098 /* Enemy.swift */; };
		958F34241B25488B00A34098 /* AVFoundation.framework in Frameworks */ = {isa = PBXBuildFile; fileRef = 958F34231B25488B00A34098 /* AVFoundation.framework */; };
		958F34261B2549DD00A34098 /* HungryWolf.mp3 in Resources */ = {isa = PBXBuildFile; fileRef = 958F34251B2549DD00A34098 /* HungryWolf.mp3 */; };
		958F34291B25652B00A34098 /* GameData.plist in Resources */ = {isa = PBXBuildFile; fileRef = 958F34281B25652B00A34098 /* GameData.plist */; };
		958F342B1B257D6400A34098 /* GameData.swift in Sources */ = {isa = PBXBuildFile; fileRef = 958F342A1B257D6400A34098 /* GameData.swift */; };
		958F342D1B25C94D00A34098 /* GameScene2.sks in Resources */ = {isa = PBXBuildFile; fileRef = 958F342C1B25C94D00A34098 /* GameScene2.sks */; };
		958F34331B26F99600A34098 /* collect_something.caf in Resources */ = {isa = PBXBuildFile; fileRef = 958F34321B26F99600A34098 /* collect_something.caf */; };
		958F34351B26FCD600A34098 /* QuietRefrain.mp3 in Resources */ = {isa = PBXBuildFile; fileRef = 958F34341B26FCD500A34098 /* QuietRefrain.mp3 */; };
		958F34371B26FD1500A34098 /* endgame.mp3 in Resources */ = {isa = PBXBuildFile; fileRef = 958F34361B26FD1500A34098 /* endgame.mp3 */; };
		958F34391B26FF4400A34098 /* explode.caf in Resources */ = {isa = PBXBuildFile; fileRef = 958F34381B26FF4400A34098 /* explode.caf */; };
		958F343B1B2700A300A34098 /* Maze2.tmx in Resources */ = {isa = PBXBuildFile; fileRef = 958F343A1B2700A300A34098 /* Maze2.tmx */; };
		958F343F1B27034400A34098 /* QuietJungle.mp3 in Resources */ = {isa = PBXBuildFile; fileRef = 958F343E1B27034400A34098 /* QuietJungle.mp3 */; };
		958F34411B27E5CB00A34098 /* GameKit.framework in Frameworks */ = {isa = PBXBuildFile; fileRef = 958F34401B27E5CA00A34098 /* GameKit.framework */; };
		958F34471B27FB4700A34098 /* EndGameScene.swift in Sources */ = {isa = PBXBuildFile; fileRef = 958F34461B27FB4700A34098 /* EndGameScene.swift */; };
		958F344A1B2805F600A34098 /* gameOver.mp3 in Resources */ = {isa = PBXBuildFile; fileRef = 958F34491B2805F600A34098 /* gameOver.mp3 */; };
/* End PBXBuildFile section */

/* Begin PBXContainerItemProxy section */
		958F34071B1FEB1F00A34098 /* PBXContainerItemProxy */ = {
			isa = PBXContainerItemProxy;
			containerPortal = 958F33E51B1FEB1E00A34098 /* Project object */;
			proxyType = 1;
			remoteGlobalIDString = 958F33EC1B1FEB1E00A34098;
			remoteInfo = StarMaze;
		};
/* End PBXContainerItemProxy section */

/* Begin PBXFileReference section */
		9506404C1B560EA80066AC5D /* Maze4.tmx */ = {isa = PBXFileReference; fileEncoding = 4; lastKnownFileType = text.xml; name = Maze4.tmx; path = ../../Maze4.tmx; sourceTree = "<group>"; };
		950640501B560EBA0066AC5D /* Maze3.tmx */ = {isa = PBXFileReference; fileEncoding = 4; lastKnownFileType = text.xml; name = Maze3.tmx; path = ../../Maze3.tmx; sourceTree = "<group>"; };
		950640521B5611360066AC5D /* Maze5.tmx */ = {isa = PBXFileReference; fileEncoding = 4; lastKnownFileType = text.xml; name = Maze5.tmx; path = ../../Maze5.tmx; sourceTree = "<group>"; };
		9506405C1B5615230066AC5D /* PopStar.mp3 */ = {isa = PBXFileReference; lastKnownFileType = audio.mp3; path = PopStar.mp3; sourceTree = "<group>"; };
		9506405D1B5615230066AC5D /* Vertigo.mp3 */ = {isa = PBXFileReference; lastKnownFileType = audio.mp3; path = Vertigo.mp3; sourceTree = "<group>"; };
		950640601B56159E0066AC5D /* Heatseeker.mp3 */ = {isa = PBXFileReference; lastKnownFileType = audio.mp3; path = Heatseeker.mp3; sourceTree = "<group>"; };
		950640611B56159E0066AC5D /* Homeland.mp3 */ = {isa = PBXFileReference; lastKnownFileType = audio.mp3; path = Homeland.mp3; sourceTree = "<group>"; };
		950640621B56159E0066AC5D /* IcyFauna.mp3 */ = {isa = PBXFileReference; lastKnownFileType = audio.mp3; path = IcyFauna.mp3; sourceTree = "<group>"; };
		950640661B5753D60066AC5D /* AlternatingLine.mp3 */ = {isa = PBXFileReference; lastKnownFileType = audio.mp3; path = AlternatingLine.mp3; sourceTree = "<group>"; };
		950640671B5753D60066AC5D /* MelodicCycle.mp3 */ = {isa = PBXFileReference; lastKnownFileType = audio.mp3; path = MelodicCycle.mp3; sourceTree = "<group>"; };
		9506406A1B5756CD0066AC5D /* DeepDream.mp3 */ = {isa = PBXFileReference; lastKnownFileType = audio.mp3; path = DeepDream.mp3; sourceTree = "<group>"; };
		9506406B1B5756CD0066AC5D /* FirePhaser.mp3 */ = {isa = PBXFileReference; lastKnownFileType = audio.mp3; path = FirePhaser.mp3; sourceTree = "<group>"; };
		9506406E1B5757450066AC5D /* SoftSole.mp3 */ = {isa = PBXFileReference; lastKnownFileType = audio.mp3; path = SoftSole.mp3; sourceTree = "<group>"; };
		950640701B5762530066AC5D /* Maze6.tmx */ = {isa = PBXFileReference; fileEncoding = 4; lastKnownFileType = text.xml; path = Maze6.tmx; sourceTree = "<group>"; };
		950640741B5763A60066AC5D /* PureCandy.mp3 */ = {isa = PBXFileReference; lastKnownFileType = audio.mp3; path = PureCandy.mp3; sourceTree = "<group>"; };
		950640761B57642F0066AC5D /* ChillOut.mp3 */ = {isa = PBXFileReference; lastKnownFileType = audio.mp3; path = ChillOut.mp3; sourceTree = "<group>"; };
		950640781B57648F0066AC5D /* AboveBeyond.mp3 */ = {isa = PBXFileReference; lastKnownFileType = audio.mp3; path = AboveBeyond.mp3; sourceTree = "<group>"; };
		958F33ED1B1FEB1E00A34098 /* StarMaze.app */ = {isa = PBXFileReference; explicitFileType = wrapper.application; includeInIndex = 0; path = StarMaze.app; sourceTree = BUILT_PRODUCTS_DIR; };
		958F33F11B1FEB1E00A34098 /* Info.plist */ = {isa = PBXFileReference; lastKnownFileType = text.plist.xml; path = Info.plist; sourceTree = "<group>"; };
		958F33F21B1FEB1E00A34098 /* AppDelegate.swift */ = {isa = PBXFileReference; lastKnownFileType = sourcecode.swift; path = AppDelegate.swift; sourceTree = "<group>"; };
		958F33F41B1FEB1E00A34098 /* GameScene.sks */ = {isa = PBXFileReference; lastKnownFileType = file.sks; path = GameScene.sks; sourceTree = "<group>"; };
		958F33F61B1FEB1E00A34098 /* GameScene.swift */ = {isa = PBXFileReference; lastKnownFileType = sourcecode.swift; path = GameScene.swift; sourceTree = "<group>"; };
		958F33F81B1FEB1E00A34098 /* GameViewController.swift */ = {isa = PBXFileReference; lastKnownFileType = sourcecode.swift; path = GameViewController.swift; sourceTree = "<group>"; };
		958F33FB1B1FEB1E00A34098 /* Base */ = {isa = PBXFileReference; lastKnownFileType = file.storyboard; name = Base; path = Base.lproj/Main.storyboard; sourceTree = "<group>"; };
		958F33FD1B1FEB1F00A34098 /* Images.xcassets */ = {isa = PBXFileReference; lastKnownFileType = folder.assetcatalog; path = Images.xcassets; sourceTree = "<group>"; };
		958F34001B1FEB1F00A34098 /* Base */ = {isa = PBXFileReference; lastKnownFileType = file.xib; name = Base; path = Base.lproj/LaunchScreen.xib; sourceTree = "<group>"; };
		958F34061B1FEB1F00A34098 /* StarMazeTests.xctest */ = {isa = PBXFileReference; explicitFileType = wrapper.cfbundle; includeInIndex = 0; path = StarMazeTests.xctest; sourceTree = BUILT_PRODUCTS_DIR; };
		958F340B1B1FEB1F00A34098 /* Info.plist */ = {isa = PBXFileReference; lastKnownFileType = text.plist.xml; path = Info.plist; sourceTree = "<group>"; };
		958F340C1B1FEB1F00A34098 /* StarMazeTests.swift */ = {isa = PBXFileReference; lastKnownFileType = sourcecode.swift; path = StarMazeTests.swift; sourceTree = "<group>"; };
		958F34161B1FED6A00A34098 /* moving.atlas */ = {isa = PBXFileReference; lastKnownFileType = folder.skatlas; path = moving.atlas; sourceTree = "<group>"; };
		958F34181B20005400A34098 /* Hero.swift */ = {isa = PBXFileReference; fileEncoding = 4; lastKnownFileType = sourcecode.swift; path = Hero.swift; sourceTree = "<group>"; };
		958F341A1B2166A300A34098 /* Boundary.swift */ = {isa = PBXFileReference; fileEncoding = 4; lastKnownFileType = sourcecode.swift; path = Boundary.swift; sourceTree = "<group>"; };
		958F341C1B217C4F00A34098 /* Maze.tmx */ = {isa = PBXFileReference; fileEncoding = 4; lastKnownFileType = text.xml; path = Maze.tmx; sourceTree = "<group>"; };
		958F341E1B21E04700A34098 /* Star.swift */ = {isa = PBXFileReference; fileEncoding = 4; lastKnownFileType = sourcecode.swift; path = Star.swift; sourceTree = "<group>"; };
		958F34211B2415FA00A34098 /* Enemy.swift */ = {isa = PBXFileReference; fileEncoding = 4; lastKnownFileType = sourcecode.swift; path = Enemy.swift; sourceTree = "<group>"; };
		958F34231B25488B00A34098 /* AVFoundation.framework */ = {isa = PBXFileReference; lastKnownFileType = wrapper.framework; name = AVFoundation.framework; path = System/Library/Frameworks/AVFoundation.framework; sourceTree = SDKROOT; };
		958F34251B2549DD00A34098 /* HungryWolf.mp3 */ = {isa = PBXFileReference; lastKnownFileType = audio.mp3; path = HungryWolf.mp3; sourceTree = "<group>"; };
		958F34281B25652B00A34098 /* GameData.plist */ = {isa = PBXFileReference; fileEncoding = 4; lastKnownFileType = text.plist.xml; path = GameData.plist; sourceTree = "<group>"; };
		958F342A1B257D6400A34098 /* GameData.swift */ = {isa = PBXFileReference; fileEncoding = 4; lastKnownFileType = sourcecode.swift; path = GameData.swift; sourceTree = "<group>"; };
		958F342C1B25C94D00A34098 /* GameScene2.sks */ = {isa = PBXFileReference; lastKnownFileType = file.sks; path = GameScene2.sks; sourceTree = "<group>"; };
		958F342E1B25D23700A34098 /* BMgermar.TTF */ = {isa = PBXFileReference; lastKnownFileType = file; path = BMgermar.TTF; sourceTree = "<group>"; };
		958F34321B26F99600A34098 /* collect_something.caf */ = {isa = PBXFileReference; lastKnownFileType = file; path = collect_something.caf; sourceTree = "<group>"; };
		958F34341B26FCD500A34098 /* QuietRefrain.mp3 */ = {isa = PBXFileReference; lastKnownFileType = audio.mp3; path = QuietRefrain.mp3; sourceTree = "<group>"; };
		958F34361B26FD1500A34098 /* endgame.mp3 */ = {isa = PBXFileReference; lastKnownFileType = audio.mp3; path = endgame.mp3; sourceTree = "<group>"; };
		958F34381B26FF4400A34098 /* explode.caf */ = {isa = PBXFileReference; lastKnownFileType = file; path = explode.caf; sourceTree = "<group>"; };
		958F343A1B2700A300A34098 /* Maze2.tmx */ = {isa = PBXFileReference; fileEncoding = 4; lastKnownFileType = text.xml; path = Maze2.tmx; sourceTree = "<group>"; };
		958F343E1B27034400A34098 /* QuietJungle.mp3 */ = {isa = PBXFileReference; lastKnownFileType = audio.mp3; path = QuietJungle.mp3; sourceTree = "<group>"; };
		958F34401B27E5CA00A34098 /* GameKit.framework */ = {isa = PBXFileReference; lastKnownFileType = wrapper.framework; name = GameKit.framework; path = System/Library/Frameworks/GameKit.framework; sourceTree = SDKROOT; };
		958F34461B27FB4700A34098 /* EndGameScene.swift */ = {isa = PBXFileReference; fileEncoding = 4; lastKnownFileType = sourcecode.swift; path = EndGameScene.swift; sourceTree = "<group>"; };
		958F34491B2805F600A34098 /* gameOver.mp3 */ = {isa = PBXFileReference; lastKnownFileType = audio.mp3; path = gameOver.mp3; sourceTree = "<group>"; };
/* End PBXFileReference section */

/* Begin PBXFrameworksBuildPhase section */
		958F33EA1B1FEB1E00A34098 /* Frameworks */ = {
			isa = PBXFrameworksBuildPhase;
			buildActionMask = 2147483647;
			files = (
				958F34241B25488B00A34098 /* AVFoundation.framework in Frameworks */,
				958F34411B27E5CB00A34098 /* GameKit.framework in Frameworks */,
			);
			runOnlyForDeploymentPostprocessing = 0;
		};
		958F34031B1FEB1F00A34098 /* Frameworks */ = {
			isa = PBXFrameworksBuildPhase;
			buildActionMask = 2147483647;
			files = (
			);
			runOnlyForDeploymentPostprocessing = 0;
		};
/* End PBXFrameworksBuildPhase section */

/* Begin PBXGroup section */
		958F33E41B1FEB1E00A34098 = {
			isa = PBXGroup;
			children = (
				958F34401B27E5CA00A34098 /* GameKit.framework */,
				958F33EF1B1FEB1E00A34098 /* StarMaze */,
				958F34091B1FEB1F00A34098 /* StarMazeTests */,
				958F33EE1B1FEB1E00A34098 /* Products */,
			);
			sourceTree = "<group>";
		};
		958F33EE1B1FEB1E00A34098 /* Products */ = {
			isa = PBXGroup;
			children = (
				958F33ED1B1FEB1E00A34098 /* StarMaze.app */,
				958F34061B1FEB1F00A34098 /* StarMazeTests.xctest */,
			);
			name = Products;
			sourceTree = "<group>";
		};
		958F33EF1B1FEB1E00A34098 /* StarMaze */ = {
			isa = PBXGroup;
			children = (
				958F33F21B1FEB1E00A34098 /* AppDelegate.swift */,
				958F33F61B1FEB1E00A34098 /* GameScene.swift */,
				958F34461B27FB4700A34098 /* EndGameScene.swift */,
				958F342A1B257D6400A34098 /* GameData.swift */,
				958F34281B25652B00A34098 /* GameData.plist */,
				958F34201B21E06F00A34098 /* SKNode Classes */,
				958F33F81B1FEB1E00A34098 /* GameViewController.swift */,
				958F33FA1B1FEB1E00A34098 /* Main.storyboard */,
				958F343C1B27032700A34098 /* TMX Mazes */,
				958F34481B28043200A34098 /* SKS Files */,
				958F343D1B27033000A34098 /* Sounds */,
				958F33FD1B1FEB1F00A34098 /* Images.xcassets */,
				958F34161B1FED6A00A34098 /* moving.atlas */,
				958F34271B25650900A34098 /* Frameworks */,
				958F33FF1B1FEB1F00A34098 /* LaunchScreen.xib */,
				958F33F01B1FEB1E00A34098 /* Supporting Files */,
			);
			path = StarMaze;
			sourceTree = "<group>";
		};
		958F33F01B1FEB1E00A34098 /* Supporting Files */ = {
			isa = PBXGroup;
			children = (
				958F342E1B25D23700A34098 /* BMgermar.TTF */,
				958F33F11B1FEB1E00A34098 /* Info.plist */,
			);
			name = "Supporting Files";
			sourceTree = "<group>";
		};
		958F34091B1FEB1F00A34098 /* StarMazeTests */ = {
			isa = PBXGroup;
			children = (
				958F340C1B1FEB1F00A34098 /* StarMazeTests.swift */,
				958F340A1B1FEB1F00A34098 /* Supporting Files */,
			);
			path = StarMazeTests;
			sourceTree = "<group>";
		};
		958F340A1B1FEB1F00A34098 /* Supporting Files */ = {
			isa = PBXGroup;
			children = (
				958F340B1B1FEB1F00A34098 /* Info.plist */,
			);
			name = "Supporting Files";
			sourceTree = "<group>";
		};
		958F34201B21E06F00A34098 /* SKNode Classes */ = {
			isa = PBXGroup;
			children = (
				958F34181B20005400A34098 /* Hero.swift */,
				958F34211B2415FA00A34098 /* Enemy.swift */,
				958F341A1B2166A300A34098 /* Boundary.swift */,
				958F341E1B21E04700A34098 /* Star.swift */,
			);
			name = "SKNode Classes";
			sourceTree = "<group>";
		};
		958F34271B25650900A34098 /* Frameworks */ = {
			isa = PBXGroup;
			children = (
				958F34231B25488B00A34098 /* AVFoundation.framework */,
			);
			name = Frameworks;
			sourceTree = "<group>";
		};
		958F343C1B27032700A34098 /* TMX Mazes */ = {
			isa = PBXGroup;
			children = (
				950640701B5762530066AC5D /* Maze6.tmx */,
				950640521B5611360066AC5D /* Maze5.tmx */,
				958F341C1B217C4F00A34098 /* Maze.tmx */,
				958F343A1B2700A300A34098 /* Maze2.tmx */,
				950640501B560EBA0066AC5D /* Maze3.tmx */,
				9506404C1B560EA80066AC5D /* Maze4.tmx */,
			);
			name = "TMX Mazes";
			sourceTree = "<group>";
		};
		958F343D1B27033000A34098 /* Sounds */ = {
			isa = PBXGroup;
			children = (
				950640781B57648F0066AC5D /* AboveBeyond.mp3 */,
				950640761B57642F0066AC5D /* ChillOut.mp3 */,
				950640741B5763A60066AC5D /* PureCandy.mp3 */,
				9506406E1B5757450066AC5D /* SoftSole.mp3 */,
				9506406A1B5756CD0066AC5D /* DeepDream.mp3 */,
				9506406B1B5756CD0066AC5D /* FirePhaser.mp3 */,
				950640621B56159E0066AC5D /* IcyFauna.mp3 */,
				950640661B5753D60066AC5D /* AlternatingLine.mp3 */,
				950640671B5753D60066AC5D /* MelodicCycle.mp3 */,
				950640601B56159E0066AC5D /* Heatseeker.mp3 */,
				950640611B56159E0066AC5D /* Homeland.mp3 */,
				9506405C1B5615230066AC5D /* PopStar.mp3 */,
				9506405D1B5615230066AC5D /* Vertigo.mp3 */,
				958F34251B2549DD00A34098 /* HungryWolf.mp3 */,
				958F34341B26FCD500A34098 /* QuietRefrain.mp3 */,
				958F343E1B27034400A34098 /* QuietJungle.mp3 */,
				958F34321B26F99600A34098 /* collect_something.caf */,
				958F34381B26FF4400A34098 /* explode.caf */,
				958F34491B2805F600A34098 /* gameOver.mp3 */,
				958F34361B26FD1500A34098 /* endgame.mp3 */,
			);
			name = Sounds;
			sourceTree = "<group>";
		};
		958F34481B28043200A34098 /* SKS Files */ = {
			isa = PBXGroup;
			children = (
				958F33F41B1FEB1E00A34098 /* GameScene.sks */,
				958F342C1B25C94D00A34098 /* GameScene2.sks */,
			);
			name = "SKS Files";
			sourceTree = "<group>";
		};
/* End PBXGroup section */

/* Begin PBXNativeTarget section */
		958F33EC1B1FEB1E00A34098 /* StarMaze */ = {
			isa = PBXNativeTarget;
			buildConfigurationList = 958F34101B1FEB1F00A34098 /* Build configuration list for PBXNativeTarget "StarMaze" */;
			buildPhases = (
				958F33E91B1FEB1E00A34098 /* Sources */,
				958F33EA1B1FEB1E00A34098 /* Frameworks */,
				958F33EB1B1FEB1E00A34098 /* Resources */,
			);
			buildRules = (
			);
			dependencies = (
			);
			name = StarMaze;
			productName = StarMaze;
			productReference = 958F33ED1B1FEB1E00A34098 /* StarMaze.app */;
			productType = "com.apple.product-type.application";
		};
		958F34051B1FEB1F00A34098 /* StarMazeTests */ = {
			isa = PBXNativeTarget;
			buildConfigurationList = 958F34131B1FEB1F00A34098 /* Build configuration list for PBXNativeTarget "StarMazeTests" */;
			buildPhases = (
				958F34021B1FEB1F00A34098 /* Sources */,
				958F34031B1FEB1F00A34098 /* Frameworks */,
				958F34041B1FEB1F00A34098 /* Resources */,
			);
			buildRules = (
			);
			dependencies = (
				958F34081B1FEB1F00A34098 /* PBXTargetDependency */,
			);
			name = StarMazeTests;
			productName = StarMazeTests;
			productReference = 958F34061B1FEB1F00A34098 /* StarMazeTests.xctest */;
			productType = "com.apple.product-type.bundle.unit-test";
		};
/* End PBXNativeTarget section */

/* Begin PBXProject section */
		958F33E51B1FEB1E00A34098 /* Project object */ = {
			isa = PBXProject;
			attributes = {
				LastUpgradeCheck = 0630;
				ORGANIZATIONNAME = "Pedro Ruíz";
				TargetAttributes = {
					958F33EC1B1FEB1E00A34098 = {
						CreatedOnToolsVersion = 6.3.1;
						DevelopmentTeam = 74VVV5ZXY4;
						SystemCapabilities = {
							com.apple.GameCenter = {
								enabled = 1;
							};
						};
					};
					958F34051B1FEB1F00A34098 = {
						CreatedOnToolsVersion = 6.3.1;
						TestTargetID = 958F33EC1B1FEB1E00A34098;
					};
				};
			};
			buildConfigurationList = 958F33E81B1FEB1E00A34098 /* Build configuration list for PBXProject "StarMaze" */;
			compatibilityVersion = "Xcode 3.2";
			developmentRegion = English;
			hasScannedForEncodings = 0;
			knownRegions = (
				en,
				Base,
			);
			mainGroup = 958F33E41B1FEB1E00A34098;
			productRefGroup = 958F33EE1B1FEB1E00A34098 /* Products */;
			projectDirPath = "";
			projectRoot = "";
			targets = (
				958F33EC1B1FEB1E00A34098 /* StarMaze */,
				958F34051B1FEB1F00A34098 /* StarMazeTests */,
			);
		};
/* End PBXProject section */

/* Begin PBXResourcesBuildPhase section */
		958F33EB1B1FEB1E00A34098 /* Resources */ = {
			isa = PBXResourcesBuildPhase;
			buildActionMask = 2147483647;
			files = (
				958F344A1B2805F600A34098 /* gameOver.mp3 in Resources */,
				950640711B5762530066AC5D /* Maze6.tmx in Resources */,
				958F343F1B27034400A34098 /* QuietJungle.mp3 in Resources */,
				958F34011B1FEB1F00A34098 /* LaunchScreen.xib in Resources */,
				958F34261B2549DD00A34098 /* HungryWolf.mp3 in Resources */,
				958F34331B26F99600A34098 /* collect_something.caf in Resources */,
				958F33FE1B1FEB1F00A34098 /* Images.xcassets in Resources */,
				958F341D1B217C4F00A34098 /* Maze.tmx in Resources */,
				9506404E1B560EA80066AC5D /* Maze4.tmx in Resources */,
				950640751B5763A60066AC5D /* PureCandy.mp3 in Resources */,
				9506405E1B5615230066AC5D /* PopStar.mp3 in Resources */,
				958F34291B25652B00A34098 /* GameData.plist in Resources */,
				9506406F1B5757450066AC5D /* SoftSole.mp3 in Resources */,
				950640651B56159E0066AC5D /* IcyFauna.mp3 in Resources */,
				950640771B57642F0066AC5D /* ChillOut.mp3 in Resources */,
				950640791B57648F0066AC5D /* AboveBeyond.mp3 in Resources */,
				950640641B56159E0066AC5D /* Homeland.mp3 in Resources */,
				9506406C1B5756CD0066AC5D /* DeepDream.mp3 in Resources */,
				950640681B5753D60066AC5D /* AlternatingLine.mp3 in Resources */,
				950640691B5753D60066AC5D /* MelodicCycle.mp3 in Resources */,
				9506405F1B5615230066AC5D /* Vertigo.mp3 in Resources */,
				950640531B5611360066AC5D /* Maze5.tmx in Resources */,
				950640511B560EBA0066AC5D /* Maze3.tmx in Resources */,
				958F34371B26FD1500A34098 /* endgame.mp3 in Resources */,
				958F33F51B1FEB1E00A34098 /* GameScene.sks in Resources */,
				958F34171B1FED6A00A34098 /* moving.atlas in Resources */,
				958F33FC1B1FEB1E00A34098 /* Main.storyboard in Resources */,
				958F34391B26FF4400A34098 /* explode.caf in Resources */,
				958F342D1B25C94D00A34098 /* GameScene2.sks in Resources */,
				950640631B56159E0066AC5D /* Heatseeker.mp3 in Resources */,
				9506406D1B5756CD0066AC5D /* FirePhaser.mp3 in Resources */,
				958F34351B26FCD600A34098 /* QuietRefrain.mp3 in Resources */,
				958F343B1B2700A300A34098 /* Maze2.tmx in Resources */,
			);
			runOnlyForDeploymentPostprocessing = 0;
		};
		958F34041B1FEB1F00A34098 /* Resources */ = {
			isa = PBXResourcesBuildPhase;
			buildActionMask = 2147483647;
			files = (
			);
			runOnlyForDeploymentPostprocessing = 0;
		};
/* End PBXResourcesBuildPhase section */

/* Begin PBXSourcesBuildPhase section */
		958F33E91B1FEB1E00A34098 /* Sources */ = {
			isa = PBXSourcesBuildPhase;
			buildActionMask = 2147483647;
			files = (
				958F34471B27FB4700A34098 /* EndGameScene.swift in Sources */,
				958F34221B2415FA00A34098 /* Enemy.swift in Sources */,
				958F33F71B1FEB1E00A34098 /* GameScene.swift in Sources */,
				958F33F91B1FEB1E00A34098 /* GameViewController.swift in Sources */,
				958F33F31B1FEB1E00A34098 /* AppDelegate.swift in Sources */,
				958F341F1B21E04700A34098 /* Star.swift in Sources */,
				958F342B1B257D6400A34098 /* GameData.swift in Sources */,
				958F34191B20005400A34098 /* Hero.swift in Sources */,
				958F341B1B2166A300A34098 /* Boundary.swift in Sources */,
			);
			runOnlyForDeploymentPostprocessing = 0;
		};
		958F34021B1FEB1F00A34098 /* Sources */ = {
			isa = PBXSourcesBuildPhase;
			buildActionMask = 2147483647;
			files = (
				958F340D1B1FEB1F00A34098 /* StarMazeTests.swift in Sources */,
			);
			runOnlyForDeploymentPostprocessing = 0;
		};
/* End PBXSourcesBuildPhase section */

/* Begin PBXTargetDependency section */
		958F34081B1FEB1F00A34098 /* PBXTargetDependency */ = {
			isa = PBXTargetDependency;
			target = 958F33EC1B1FEB1E00A34098 /* StarMaze */;
			targetProxy = 958F34071B1FEB1F00A34098 /* PBXContainerItemProxy */;
		};
/* End PBXTargetDependency section */

/* Begin PBXVariantGroup section */
		958F33FA1B1FEB1E00A34098 /* Main.storyboard */ = {
			isa = PBXVariantGroup;
			children = (
				958F33FB1B1FEB1E00A34098 /* Base */,
			);
			name = Main.storyboard;
			sourceTree = "<group>";
		};
		958F33FF1B1FEB1F00A34098 /* LaunchScreen.xib */ = {
			isa = PBXVariantGroup;
			children = (
				958F34001B1FEB1F00A34098 /* Base */,
			);
			name = LaunchScreen.xib;
			sourceTree = "<group>";
		};
/* End PBXVariantGroup section */

/* Begin XCBuildConfiguration section */
		958F340E1B1FEB1F00A34098 /* Debug */ = {
			isa = XCBuildConfiguration;
			buildSettings = {
				ALWAYS_SEARCH_USER_PATHS = NO;
				CLANG_CXX_LANGUAGE_STANDARD = "gnu++0x";
				CLANG_CXX_LIBRARY = "libc++";
				CLANG_ENABLE_MODULES = YES;
				CLANG_ENABLE_OBJC_ARC = YES;
				CLANG_WARN_BOOL_CONVERSION = YES;
				CLANG_WARN_CONSTANT_CONVERSION = YES;
				CLANG_WARN_DIRECT_OBJC_ISA_USAGE = YES_ERROR;
				CLANG_WARN_EMPTY_BODY = YES;
				CLANG_WARN_ENUM_CONVERSION = YES;
				CLANG_WARN_INT_CONVERSION = YES;
				CLANG_WARN_OBJC_ROOT_CLASS = YES_ERROR;
				CLANG_WARN_UNREACHABLE_CODE = YES;
				CLANG_WARN__DUPLICATE_METHOD_MATCH = YES;
				"CODE_SIGN_IDENTITY[sdk=iphoneos*]" = "iPhone Developer";
				COPY_PHASE_STRIP = NO;
				DEBUG_INFORMATION_FORMAT = "dwarf-with-dsym";
				ENABLE_STRICT_OBJC_MSGSEND = YES;
				GCC_C_LANGUAGE_STANDARD = gnu99;
				GCC_DYNAMIC_NO_PIC = NO;
				GCC_NO_COMMON_BLOCKS = YES;
				GCC_OPTIMIZATION_LEVEL = 0;
				GCC_PREPROCESSOR_DEFINITIONS = (
					"DEBUG=1",
					"$(inherited)",
				);
				GCC_SYMBOLS_PRIVATE_EXTERN = NO;
				GCC_WARN_64_TO_32_BIT_CONVERSION = YES;
				GCC_WARN_ABOUT_RETURN_TYPE = YES_ERROR;
				GCC_WARN_UNDECLARED_SELECTOR = YES;
				GCC_WARN_UNINITIALIZED_AUTOS = YES_AGGRESSIVE;
				GCC_WARN_UNUSED_FUNCTION = YES;
				GCC_WARN_UNUSED_VARIABLE = YES;
				IPHONEOS_DEPLOYMENT_TARGET = 8.3;
				MTL_ENABLE_DEBUG_INFO = YES;
				ONLY_ACTIVE_ARCH = YES;
				SDKROOT = iphoneos;
				SWIFT_OPTIMIZATION_LEVEL = "-Onone";
				TARGETED_DEVICE_FAMILY = "1,2";
			};
			name = Debug;
		};
		958F340F1B1FEB1F00A34098 /* Release */ = {
			isa = XCBuildConfiguration;
			buildSettings = {
				ALWAYS_SEARCH_USER_PATHS = NO;
				CLANG_CXX_LANGUAGE_STANDARD = "gnu++0x";
				CLANG_CXX_LIBRARY = "libc++";
				CLANG_ENABLE_MODULES = YES;
				CLANG_ENABLE_OBJC_ARC = YES;
				CLANG_WARN_BOOL_CONVERSION = YES;
				CLANG_WARN_CONSTANT_CONVERSION = YES;
				CLANG_WARN_DIRECT_OBJC_ISA_USAGE = YES_ERROR;
				CLANG_WARN_EMPTY_BODY = YES;
				CLANG_WARN_ENUM_CONVERSION = YES;
				CLANG_WARN_INT_CONVERSION = YES;
				CLANG_WARN_OBJC_ROOT_CLASS = YES_ERROR;
				CLANG_WARN_UNREACHABLE_CODE = YES;
				CLANG_WARN__DUPLICATE_METHOD_MATCH = YES;
				"CODE_SIGN_IDENTITY[sdk=iphoneos*]" = "iPhone Developer";
				COPY_PHASE_STRIP = NO;
				DEBUG_INFORMATION_FORMAT = "dwarf-with-dsym";
				ENABLE_NS_ASSERTIONS = NO;
				ENABLE_STRICT_OBJC_MSGSEND = YES;
				GCC_C_LANGUAGE_STANDARD = gnu99;
				GCC_NO_COMMON_BLOCKS = YES;
				GCC_WARN_64_TO_32_BIT_CONVERSION = YES;
				GCC_WARN_ABOUT_RETURN_TYPE = YES_ERROR;
				GCC_WARN_UNDECLARED_SELECTOR = YES;
				GCC_WARN_UNINITIALIZED_AUTOS = YES_AGGRESSIVE;
				GCC_WARN_UNUSED_FUNCTION = YES;
				GCC_WARN_UNUSED_VARIABLE = YES;
				IPHONEOS_DEPLOYMENT_TARGET = 8.3;
				MTL_ENABLE_DEBUG_INFO = NO;
				SDKROOT = iphoneos;
				TARGETED_DEVICE_FAMILY = "1,2";
				VALIDATE_PRODUCT = YES;
			};
			name = Release;
		};
		958F34111B1FEB1F00A34098 /* Debug */ = {
			isa = XCBuildConfiguration;
			buildSettings = {
				ASSETCATALOG_COMPILER_APPICON_NAME = AppIcon;
				CODE_SIGN_IDENTITY = "iPhone Developer";
				"CODE_SIGN_IDENTITY[sdk=iphoneos*]" = "iPhone Developer";
				INFOPLIST_FILE = StarMaze/Info.plist;
				LD_RUNPATH_SEARCH_PATHS = "$(inherited) @executable_path/Frameworks";
				PRODUCT_NAME = "$(TARGET_NAME)";
				PROVISIONING_PROFILE = "";
			};
			name = Debug;
		};
		958F34121B1FEB1F00A34098 /* Release */ = {
			isa = XCBuildConfiguration;
			buildSettings = {
				ASSETCATALOG_COMPILER_APPICON_NAME = AppIcon;
				CODE_SIGN_IDENTITY = "iPhone Developer";
				"CODE_SIGN_IDENTITY[sdk=iphoneos*]" = "iPhone Developer";
				INFOPLIST_FILE = StarMaze/Info.plist;
				LD_RUNPATH_SEARCH_PATHS = "$(inherited) @executable_path/Frameworks";
				PRODUCT_NAME = "$(TARGET_NAME)";
				PROVISIONING_PROFILE = "";
			};
			name = Release;
		};
		958F34141B1FEB1F00A34098 /* Debug */ = {
			isa = XCBuildConfiguration;
			buildSettings = {
				BUNDLE_LOADER = "$(TEST_HOST)";
				FRAMEWORK_SEARCH_PATHS = (
					"$(SDKROOT)/Developer/Library/Frameworks",
					"$(inherited)",
				);
				GCC_PREPROCESSOR_DEFINITIONS = (
					"DEBUG=1",
					"$(inherited)",
				);
				INFOPLIST_FILE = StarMazeTests/Info.plist;
				LD_RUNPATH_SEARCH_PATHS = "$(inherited) @executable_path/Frameworks @loader_path/Frameworks";
				PRODUCT_NAME = "$(TARGET_NAME)";
				TEST_HOST = "$(BUILT_PRODUCTS_DIR)/StarMaze.app/StarMaze";
			};
			name = Debug;
		};
		958F34151B1FEB1F00A34098 /* Release */ = {
			isa = XCBuildConfiguration;
			buildSettings = {
				BUNDLE_LOADER = "$(TEST_HOST)";
				FRAMEWORK_SEARCH_PATHS = (
					"$(SDKROOT)/Developer/Library/Frameworks",
					"$(inherited)",
				);
				INFOPLIST_FILE = StarMazeTests/Info.plist;
				LD_RUNPATH_SEARCH_PATHS = "$(inherited) @executable_path/Frameworks @loader_path/Frameworks";
				PRODUCT_NAME = "$(TARGET_NAME)";
				TEST_HOST = "$(BUILT_PRODUCTS_DIR)/StarMaze.app/StarMaze";
			};
			name = Release;
		};
/* End XCBuildConfiguration section */

/* Begin XCConfigurationList section */
		958F33E81B1FEB1E00A34098 /* Build configuration list for PBXProject "StarMaze" */ = {
			isa = XCConfigurationList;
			buildConfigurations = (
				958F340E1B1FEB1F00A34098 /* Debug */,
				958F340F1B1FEB1F00A34098 /* Release */,
			);
			defaultConfigurationIsVisible = 0;
			defaultConfigurationName = Release;
		};
		958F34101B1FEB1F00A34098 /* Build configuration list for PBXNativeTarget "StarMaze" */ = {
			isa = XCConfigurationList;
			buildConfigurations = (
				958F34111B1FEB1F00A34098 /* Debug */,
				958F34121B1FEB1F00A34098 /* Release */,
			);
			defaultConfigurationIsVisible = 0;
			defaultConfigurationName = Release;
		};
		958F34131B1FEB1F00A34098 /* Build configuration list for PBXNativeTarget "StarMazeTests" */ = {
			isa = XCConfigurationList;
			buildConfigurations = (
				958F34141B1FEB1F00A34098 /* Debug */,
				958F34151B1FEB1F00A34098 /* Release */,
			);
			defaultConfigurationIsVisible = 0;
			defaultConfigurationName = Release;
		};
/* End XCConfigurationList section */
	};
	rootObject = 958F33E51B1FEB1E00A34098 /* Project object */;
}
